
Microsoft Visual Studio Solution File, Format Version 12.00
Project("{FAE04EC0-301F-11D3-BF4B-00C04F79EFBC}") = "FairWearAPIGateway", "FairWearAPIGateway\FairWearAPIGateway.csproj", "{EA5B672B-5594-4C8C-B20F-86A7211E1C65}"
EndProject
Project("{FAE04EC0-301F-11D3-BF4B-00C04F79EFBC}") = "ProductDataRetriever", "ProductDataRetriever\ProductDataRetriever.csproj", "{2E2CC2A2-E61C-4AD4-9908-E556A83D5336}"
EndProject
Global
	GlobalSection(SolutionConfigurationPlatforms) = preSolution
		Debug|Any CPU = Debug|Any CPU
		Release|Any CPU = Release|Any CPU
	EndGlobalSection
	GlobalSection(ProjectConfigurationPlatforms) = postSolution
		{EA5B672B-5594-4C8C-B20F-86A7211E1C65}.Debug|Any CPU.ActiveCfg = Debug|Any CPU
		{EA5B672B-5594-4C8C-B20F-86A7211E1C65}.Debug|Any CPU.Build.0 = Debug|Any CPU
		{EA5B672B-5594-4C8C-B20F-86A7211E1C65}.Release|Any CPU.ActiveCfg = Release|Any CPU
		{EA5B672B-5594-4C8C-B20F-86A7211E1C65}.Release|Any CPU.Build.0 = Release|Any CPU
		{2E2CC2A2-E61C-4AD4-9908-E556A83D5336}.Debug|Any CPU.ActiveCfg = Debug|Any CPU
		{2E2CC2A2-E61C-4AD4-9908-E556A83D5336}.Debug|Any CPU.Build.0 = Debug|Any CPU
		{2E2CC2A2-E61C-4AD4-9908-E556A83D5336}.Release|Any CPU.ActiveCfg = Release|Any CPU
		{2E2CC2A2-E61C-4AD4-9908-E556A83D5336}.Release|Any CPU.Build.0 = Release|Any CPU
	EndGlobalSection
EndGlobal
